
Microsoft Visual Studio Solution File, Format Version 12.00
# Visual Studio Version 17
VisualStudioVersion = 17.9.34728.123
MinimumVisualStudioVersion = 10.0.40219.1
Project("{FAE04EC0-301F-11D3-BF4B-00C04F79EFBC}") = "lab_04_razor", "lab_04_razor\lab_04_razor.csproj", "{79CCAC10-F0A2-449E-AF1D-5D217B99E9BB}"
EndProject
Global
	GlobalSection(SolutionConfigurationPlatforms) = preSolution
		Debug|Any CPU = Debug|Any CPU
		Release|Any CPU = Release|Any CPU
	EndGlobalSection
	GlobalSection(ProjectConfigurationPlatforms) = postSolution
		{79CCAC10-F0A2-449E-AF1D-5D217B99E9BB}.Debug|Any CPU.ActiveCfg = Debug|Any CPU
		{79CCAC10-F0A2-449E-AF1D-5D217B99E9BB}.Debug|Any CPU.Build.0 = Debug|Any CPU
		{79CCAC10-F0A2-449E-AF1D-5D217B99E9BB}.Release|Any CPU.ActiveCfg = Release|Any CPU
		{79CCAC10-F0A2-449E-AF1D-5D217B99E9BB}.Release|Any CPU.Build.0 = Release|Any CPU
	EndGlobalSection
	GlobalSection(SolutionProperties) = preSolution
		HideSolutionNode = FALSE
	EndGlobalSection
	GlobalSection(ExtensibilityGlobals) = postSolution
		SolutionGuid = {BAA11D1A-DD9D-49BF-92D4-CA73A815E381}
	EndGlobalSection
EndGlobal
